
Microsoft Visual Studio Solution File, Format Version 12.00
# Visual Studio Version 17
VisualStudioVersion = 17.4.33110.190
MinimumVisualStudioVersion = 10.0.40219.1
Project("{8BC9CEB8-8B4A-11D0-8D11-00A0C91BC942}") = "testing3", "testing3\testing3.vcxproj", "{0C16DF25-3284-4013-A78B-133258A9192D}"
EndProject
Global
	GlobalSection(SolutionConfigurationPlatforms) = preSolution
		Debug|x64 = Debug|x64
		Debug|x86 = Debug|x86
		Release|x64 = Release|x64
		Release|x86 = Release|x86
	EndGlobalSection
	GlobalSection(ProjectConfigurationPlatforms) = postSolution
		{0C16DF25-3284-4013-A78B-133258A9192D}.Debug|x64.ActiveCfg = Debug|x64
		{0C16DF25-3284-4013-A78B-133258A9192D}.Debug|x64.Build.0 = Debug|x64
		{0C16DF25-3284-4013-A78B-133258A9192D}.Debug|x86.ActiveCfg = Debug|Win32
		{0C16DF25-3284-4013-A78B-133258A9192D}.Debug|x86.Build.0 = Debug|Win32
		{0C16DF25-3284-4013-A78B-133258A9192D}.Release|x64.ActiveCfg = Release|x64
		{0C16DF25-3284-4013-A78B-133258A9192D}.Release|x64.Build.0 = Release|x64
		{0C16DF25-3284-4013-A78B-133258A9192D}.Release|x86.ActiveCfg = Release|Win32
		{0C16DF25-3284-4013-A78B-133258A9192D}.Release|x86.Build.0 = Release|Win32
	EndGlobalSection
	GlobalSection(SolutionProperties) = preSolution
		HideSolutionNode = FALSE
	EndGlobalSection
	GlobalSection(ExtensibilityGlobals) = postSolution
		SolutionGuid = {95F7F244-B014-4637-BB0D-A36B98785B27}
	EndGlobalSection
EndGlobal
